// !$*UTF8*$!
{
	archiveVersion = 1;
	classes = {
	};
	objectVersion = 46;
	objects = {

/* Begin PBXAggregateTarget section */
		2D1325E647C342C3B65B178D /* ALL_BUILD */ = {
			isa = PBXAggregateTarget;
			buildConfigurationList = 60AF14E665F84CA88174E427 /* Build configuration list for PBXAggregateTarget "ALL_BUILD" */;
			buildPhases = (
				961A2D3F73774E20AE46C727 /* CMake Rules */,
			);
			dependencies = (
				93AA45300B3443E3AE20E29E /* PBXTargetDependency */,
				84F60D6BEFB94A71A9F1E6BA /* PBXTargetDependency */,
			);
			name = ALL_BUILD;
			productName = ALL_BUILD;
		};
		52DD08A0452B4FFBAADE272C /* ZERO_CHECK */ = {
			isa = PBXAggregateTarget;
			buildConfigurationList = 3819B961B31843F39C29E067 /* Build configuration list for PBXAggregateTarget "ZERO_CHECK" */;
			buildPhases = (
				047E191F91054E5291C08A69 /* CMake Rules */,
			);
			dependencies = (
			);
			name = ZERO_CHECK;
			productName = ZERO_CHECK;
		};
/* End PBXAggregateTarget section */

/* Begin PBXBuildFile section */
		05AEF77DE4EE465B8EB60F4D /* /Users/hang/Desktop/SelfDrivingCar__TERM2/Term2/P5/CMakeLists.txt */ = {isa = PBXBuildFile; fileRef = 56FB87BA41444F3E98F189C2 /* /Users/hang/Desktop/SelfDrivingCar__TERM2/Term2/P5/CMakeLists.txt */; settings = {COMPILER_FLAGS = ""; }; };
		25FB0E6633444CD483695AE3 /* /Users/hang/Desktop/SelfDrivingCar__TERM2/Term2/P5/src/main.cpp */ = {isa = PBXBuildFile; fileRef = 6BC6DDA42B1C49DEA000861F /* /Users/hang/Desktop/SelfDrivingCar__TERM2/Term2/P5/src/main.cpp */; settings = {COMPILER_FLAGS = ""; }; };
		BC35E70750C641BAB16892CF /* /Users/hang/Desktop/SelfDrivingCar__TERM2/Term2/P5/src/MPC.cpp */ = {isa = PBXBuildFile; fileRef = CBDA7FA0ADE34A729C8287CB /* /Users/hang/Desktop/SelfDrivingCar__TERM2/Term2/P5/src/MPC.cpp */; settings = {COMPILER_FLAGS = ""; }; };
/* End PBXBuildFile section */

/* Begin PBXBuildStyle section */
		00E76A6E44714609B719AEAD /* Release */ = {
			isa = PBXBuildStyle;
			buildSettings = {
				COPY_PHASE_STRIP = NO;
			};
			name = Release;
		};
		18BBDE27351F48C2AD163E19 /* RelWithDebInfo */ = {
			isa = PBXBuildStyle;
			buildSettings = {
				COPY_PHASE_STRIP = NO;
			};
			name = RelWithDebInfo;
		};
		379C445C68A64B1EBB676C79 /* MinSizeRel */ = {
			isa = PBXBuildStyle;
			buildSettings = {
				COPY_PHASE_STRIP = NO;
			};
			name = MinSizeRel;
		};
		ADCB58285D614783BC3B822A = {
			isa = PBXBuildStyle;
		};
		F96F8FC1EBE84953A6CADC55 /* Debug */ = {
			isa = PBXBuildStyle;
			buildSettings = {
				COPY_PHASE_STRIP = NO;
			};
			name = Debug;
		};
/* End PBXBuildStyle section */

/* Begin PBXContainerItemProxy section */
		BD2336EE723547519B72EABE /* PBXContainerItemProxy */ = {
			isa = PBXContainerItemProxy;
			containerPortal = 91A933405E0F47C0A759E0C2 /* Project object */;
			proxyType = 1;
			remoteGlobalIDString = 5EF165F85D1D4804B26C17F9;
			remoteInfo = mpc;
		};
		BFB5AB342B5D4988B4E1EC7C /* PBXContainerItemProxy */ = {
			isa = PBXContainerItemProxy;
			containerPortal = 91A933405E0F47C0A759E0C2 /* Project object */;
			proxyType = 1;
			remoteGlobalIDString = 52DD08A0452B4FFBAADE272C;
			remoteInfo = ZERO_CHECK;
		};
		E73A7DFAE3DF4E128684C487 /* PBXContainerItemProxy */ = {
			isa = PBXContainerItemProxy;
			containerPortal = 91A933405E0F47C0A759E0C2 /* Project object */;
			proxyType = 1;
			remoteGlobalIDString = 52DD08A0452B4FFBAADE272C;
			remoteInfo = ZERO_CHECK;
		};
/* End PBXContainerItemProxy section */

/* Begin PBXFileReference section */
		1EBEE330B5EB43E494443292 /* mpc */ = {isa = PBXFileReference; explicitFileType = "compiled.mach-o.executable"; path = mpc; refType = 0; sourceTree = BUILT_PRODUCTS_DIR; };
		2A888F7E64824EFF973CAFCC /* /Users/hang/Desktop/SelfDrivingCar__TERM2/Term2/P5/CMakeLists.txt */ = {isa = PBXFileReference; explicitFileType = sourcecode.text; fileEncoding = 4; name = CMakeLists.txt; path = CMakeLists.txt; sourceTree = SOURCE_ROOT; };
		56FB87BA41444F3E98F189C2 /* /Users/hang/Desktop/SelfDrivingCar__TERM2/Term2/P5/CMakeLists.txt */ = {isa = PBXFileReference; explicitFileType = sourcecode.text; fileEncoding = 4; name = CMakeLists.txt; path = CMakeLists.txt; sourceTree = SOURCE_ROOT; };
		6BC6DDA42B1C49DEA000861F /* /Users/hang/Desktop/SelfDrivingCar__TERM2/Term2/P5/src/main.cpp */ = {isa = PBXFileReference; explicitFileType = sourcecode.cpp.cpp; fileEncoding = 4; name = main.cpp; path = src/main.cpp; sourceTree = SOURCE_ROOT; };
		CBDA7FA0ADE34A729C8287CB /* /Users/hang/Desktop/SelfDrivingCar__TERM2/Term2/P5/src/MPC.cpp */ = {isa = PBXFileReference; explicitFileType = sourcecode.cpp.cpp; fileEncoding = 4; name = MPC.cpp; path = src/MPC.cpp; sourceTree = SOURCE_ROOT; };
		FC6E4B31609C4F6A9E3A71F1 /* /Users/hang/Desktop/SelfDrivingCar__TERM2/Term2/P5/CMakeLists.txt */ = {isa = PBXFileReference; explicitFileType = sourcecode.text; fileEncoding = 4; name = CMakeLists.txt; path = CMakeLists.txt; sourceTree = SOURCE_ROOT; };
/* End PBXFileReference section */

/* Begin PBXGroup section */
		0726720AF4D444A792D5D577 /* Products */ = {
			isa = PBXGroup;
			children = (
				1EBEE330B5EB43E494443292 /* mpc */,
			);
			name = Products;
			sourceTree = "<group>";
		};
		43BCF0BD717341CEBCE206DC /* CMake Rules */ = {
			isa = PBXGroup;
			children = (
			);
			name = "CMake Rules";
			sourceTree = "<group>";
		};
		5EDE6E3104124813B64F59D9 /* Source Files */ = {
			isa = PBXGroup;
			children = (
				CBDA7FA0ADE34A729C8287CB /* /Users/hang/Desktop/SelfDrivingCar__TERM2/Term2/P5/src/MPC.cpp */,
				6BC6DDA42B1C49DEA000861F /* /Users/hang/Desktop/SelfDrivingCar__TERM2/Term2/P5/src/main.cpp */,
			);
			name = "Source Files";
			sourceTree = "<group>";
		};
		64592FB73B2E4322B7CAA2E7 /* ALL_BUILD */ = {
			isa = PBXGroup;
			children = (
				43BCF0BD717341CEBCE206DC /* CMake Rules */,
				2A888F7E64824EFF973CAFCC /* /Users/hang/Desktop/SelfDrivingCar__TERM2/Term2/P5/CMakeLists.txt */,
			);
			name = ALL_BUILD;
			sourceTree = "<group>";
		};
		81EC95F89B1548369BF89647 /* Sources */ = {
			isa = PBXGroup;
			children = (
				9A445A5B424C4F6DB3DF77DF /* mpc */,
				64592FB73B2E4322B7CAA2E7 /* ALL_BUILD */,
				970CB6135F9B45A59E3A4AEA /* ZERO_CHECK */,
			);
			name = Sources;
			sourceTree = "<group>";
		};
		970CB6135F9B45A59E3A4AEA /* ZERO_CHECK */ = {
			isa = PBXGroup;
			children = (
				C60DFAC55A2B41F6B3B54239 /* CMake Rules */,
				FC6E4B31609C4F6A9E3A71F1 /* /Users/hang/Desktop/SelfDrivingCar__TERM2/Term2/P5/CMakeLists.txt */,
			);
			name = ZERO_CHECK;
			sourceTree = "<group>";
		};
		9A445A5B424C4F6DB3DF77DF /* mpc */ = {
			isa = PBXGroup;
			children = (
				5EDE6E3104124813B64F59D9 /* Source Files */,
				56FB87BA41444F3E98F189C2 /* /Users/hang/Desktop/SelfDrivingCar__TERM2/Term2/P5/CMakeLists.txt */,
			);
			name = mpc;
			sourceTree = "<group>";
		};
		C60DFAC55A2B41F6B3B54239 /* CMake Rules */ = {
			isa = PBXGroup;
			children = (
			);
			name = "CMake Rules";
			sourceTree = "<group>";
		};
		C84FD78B378A4D8E806C4830 = {
			isa = PBXGroup;
			children = (
				81EC95F89B1548369BF89647 /* Sources */,
				F7B116F158DE42D1B45A536B /* Resources */,
				0726720AF4D444A792D5D577 /* Products */,
			);
			sourceTree = "<group>";
		};
		F7B116F158DE42D1B45A536B /* Resources */ = {
			isa = PBXGroup;
			children = (
			);
			name = Resources;
			sourceTree = "<group>";
		};
/* End PBXGroup section */

/* Begin PBXNativeTarget section */
		5EF165F85D1D4804B26C17F9 /* mpc */ = {
			isa = PBXNativeTarget;
			buildConfigurationList = C4146C0338AA4B59834217D3 /* Build configuration list for PBXNativeTarget "mpc" */;
			buildPhases = (
				46F8AEE29A67465D95C0FAA8 /* Sources */,
			);
			buildRules = (
			);
			dependencies = (
				CF6011174EA14FD1A25B2292 /* PBXTargetDependency */,
			);
			name = mpc;
			productName = mpc;
			productReference = 1EBEE330B5EB43E494443292 /* mpc */;
			productType = "com.apple.product-type.tool";
		};
/* End PBXNativeTarget section */

/* Begin PBXProject section */
		91A933405E0F47C0A759E0C2 /* Project object */ = {
			isa = PBXProject;
			attributes = {
				BuildIndependentTargetsInParallel = YES;
				LastUpgradeCheck = 0830;
			};
			buildConfigurationList = 6C8A5B05AE784D2CA4803A99 /* Build configuration list for PBXProject "MPC" */;
			buildSettings = {
			};
			buildStyles = (
				F96F8FC1EBE84953A6CADC55 /* Debug */,
				00E76A6E44714609B719AEAD /* Release */,
				379C445C68A64B1EBB676C79 /* MinSizeRel */,
				18BBDE27351F48C2AD163E19 /* RelWithDebInfo */,
			);
			compatibilityVersion = "Xcode 3.2";
			hasScannedForEncodings = 0;
			mainGroup = C84FD78B378A4D8E806C4830;
			projectDirPath = .;
			projectRoot = "";
			targets = (
				2D1325E647C342C3B65B178D /* ALL_BUILD */,
				52DD08A0452B4FFBAADE272C /* ZERO_CHECK */,
				5EF165F85D1D4804B26C17F9 /* mpc */,
			);
		};
/* End PBXProject section */

/* Begin PBXShellScriptBuildPhase section */
		047E191F91054E5291C08A69 /* CMake Rules */ = {
			isa = PBXShellScriptBuildPhase;
			buildActionMask = 2147483647;
			files = (
			);
			name = "CMake Rules";
			runOnlyForDeploymentPostprocessing = 0;
			shellPath = /bin/sh;
			shellScript = "make -C /Users/hang/Desktop/SelfDrivingCar__TERM2/Term2/P5 -f /Users/hang/Desktop/SelfDrivingCar__TERM2/Term2/P5/CMakeScripts/ZERO_CHECK_cmakeRulesBuildPhase.make$CONFIGURATION all";
			showEnvVarsInLog = 0;
		};
		7B8EF0099C9240DD9E76C33C = {
			isa = PBXShellScriptBuildPhase;
			buildActionMask = 2147483647;
			files = (
			);
			inputPaths = (
			);
			outputPaths = (
			);
			runOnlyForDeploymentPostprocessing = 0;
			shellPath = /bin/sh;
			shellScript = "# shell script goes here
exit 0";
			showEnvVarsInLog = 0;
		};
		8F50DA19579D45BFB835187F = {
			isa = PBXShellScriptBuildPhase;
			buildActionMask = 2147483647;
			files = (
			);
			inputPaths = (
			);
			outputPaths = (
			);
			runOnlyForDeploymentPostprocessing = 0;
			shellPath = /bin/sh;
			shellScript = "# shell script goes here
exit 0";
			showEnvVarsInLog = 0;
		};
		961A2D3F73774E20AE46C727 /* CMake Rules */ = {
			isa = PBXShellScriptBuildPhase;
			buildActionMask = 2147483647;
			files = (
			);
			name = "CMake Rules";
			runOnlyForDeploymentPostprocessing = 0;
			shellPath = /bin/sh;
			shellScript = "make -C /Users/hang/Desktop/SelfDrivingCar__TERM2/Term2/P5 -f /Users/hang/Desktop/SelfDrivingCar__TERM2/Term2/P5/CMakeScripts/ALL_BUILD_cmakeRulesBuildPhase.make$CONFIGURATION all";
			showEnvVarsInLog = 0;
		};
/* End PBXShellScriptBuildPhase section */

/* Begin PBXSourcesBuildPhase section */
		46F8AEE29A67465D95C0FAA8 /* Sources */ = {
			isa = PBXSourcesBuildPhase;
			buildActionMask = 2147483647;
			files = (
				BC35E70750C641BAB16892CF /* /Users/hang/Desktop/SelfDrivingCar__TERM2/Term2/P5/src/MPC.cpp */,
				25FB0E6633444CD483695AE3 /* /Users/hang/Desktop/SelfDrivingCar__TERM2/Term2/P5/src/main.cpp */,
			);
			runOnlyForDeploymentPostprocessing = 0;
		};
/* End PBXSourcesBuildPhase section */

/* Begin PBXTargetDependency section */
		84F60D6BEFB94A71A9F1E6BA /* PBXTargetDependency */ = {
			isa = PBXTargetDependency;
			target = 52DD08A0452B4FFBAADE272C /* ZERO_CHECK */;
			targetProxy = E73A7DFAE3DF4E128684C487 /* PBXContainerItemProxy */;
		};
		93AA45300B3443E3AE20E29E /* PBXTargetDependency */ = {
			isa = PBXTargetDependency;
			target = 5EF165F85D1D4804B26C17F9 /* mpc */;
			targetProxy = BD2336EE723547519B72EABE /* PBXContainerItemProxy */;
		};
		CF6011174EA14FD1A25B2292 /* PBXTargetDependency */ = {
			isa = PBXTargetDependency;
			target = 52DD08A0452B4FFBAADE272C /* ZERO_CHECK */;
			targetProxy = BFB5AB342B5D4988B4E1EC7C /* PBXContainerItemProxy */;
		};
/* End PBXTargetDependency section */

/* Begin XCBuildConfiguration section */
		184D3BAE90214D55B40C7D1A /* Release */ = {
			isa = XCBuildConfiguration;
			buildSettings = {
				COMBINE_HIDPI_IMAGES = YES;
				GCC_GENERATE_DEBUGGING_SYMBOLS = YES;
				GCC_INLINES_ARE_PRIVATE_EXTERN = NO;
				GCC_OPTIMIZATION_LEVEL = 0;
				GCC_PREPROCESSOR_DEFINITIONS = ("'CMAKE_INTDIR=\"$(CONFIGURATION)$(EFFECTIVE_PLATFORM_NAME)\"'", );
				GCC_SYMBOLS_PRIVATE_EXTERN = NO;
				HEADER_SEARCH_PATHS = (/usr/local/include, "/Users/hang/Desktop/SelfDrivingCar__TERM2/Term2/P5/src/Eigen-3.3", /usr/local/opt/openssl/include, );
				INSTALL_PATH = "";
				OTHER_LDFLAGS = " ";
				OTHER_REZFLAGS = "";
				PRODUCT_NAME = ZERO_CHECK;
				SECTORDER_FLAGS = "";
				SYMROOT = /Users/hang/Desktop/SelfDrivingCar__TERM2/Term2/P5;
				USE_HEADERMAP = NO;
				WARNING_CFLAGS = ("-Wmost", "-Wno-four-char-constants", "-Wno-unknown-pragmas", "$(inherited)", );
			};
			name = Release;
		};
		294CC28BC6B64CDAA4179BD3 /* Release */ = {
			isa = XCBuildConfiguration;
			buildSettings = {
				COMBINE_HIDPI_IMAGES = YES;
				GCC_GENERATE_DEBUGGING_SYMBOLS = YES;
				GCC_INLINES_ARE_PRIVATE_EXTERN = NO;
				GCC_OPTIMIZATION_LEVEL = 0;
				GCC_PREPROCESSOR_DEFINITIONS = ("'CMAKE_INTDIR=\"$(CONFIGURATION)$(EFFECTIVE_PLATFORM_NAME)\"'", );
				GCC_SYMBOLS_PRIVATE_EXTERN = NO;
				HEADER_SEARCH_PATHS = (/usr/local/include, "/Users/hang/Desktop/SelfDrivingCar__TERM2/Term2/P5/src/Eigen-3.3", /usr/local/opt/openssl/include, );
				INSTALL_PATH = "";
				OTHER_LDFLAGS = " ";
				OTHER_REZFLAGS = "";
				PRODUCT_NAME = ALL_BUILD;
				SECTORDER_FLAGS = "";
				SYMROOT = /Users/hang/Desktop/SelfDrivingCar__TERM2/Term2/P5;
				USE_HEADERMAP = NO;
				WARNING_CFLAGS = ("-Wmost", "-Wno-four-char-constants", "-Wno-unknown-pragmas", "$(inherited)", );
			};
			name = Release;
		};
		3280997AB5004CB795956192 /* Release */ = {
			isa = XCBuildConfiguration;
			buildSettings = {
				ONLY_ACTIVE_ARCH = YES;
				SDKROOT = /Applications/Xcode.app/Contents/Developer/Platforms/MacOSX.platform/Developer/SDKs/MacOSX10.12.sdk;
				SYMROOT = /Users/hang/Desktop/SelfDrivingCar__TERM2/Term2/P5/build;
			};
			name = Release;
		};
		39C632BAF60944D3B4E143FA /* Debug */ = {
			isa = XCBuildConfiguration;
			buildSettings = {
				COMBINE_HIDPI_IMAGES = YES;
				GCC_GENERATE_DEBUGGING_SYMBOLS = YES;
				GCC_INLINES_ARE_PRIVATE_EXTERN = NO;
				GCC_OPTIMIZATION_LEVEL = 0;
				GCC_PREPROCESSOR_DEFINITIONS = ("'CMAKE_INTDIR=\"$(CONFIGURATION)$(EFFECTIVE_PLATFORM_NAME)\"'", );
				GCC_SYMBOLS_PRIVATE_EXTERN = NO;
				HEADER_SEARCH_PATHS = (/usr/local/include, "/Users/hang/Desktop/SelfDrivingCar__TERM2/Term2/P5/src/Eigen-3.3", /usr/local/opt/openssl/include, );
				INSTALL_PATH = "";
				OTHER_LDFLAGS = " ";
				OTHER_REZFLAGS = "";
				PRODUCT_NAME = ZERO_CHECK;
				SECTORDER_FLAGS = "";
				SYMROOT = /Users/hang/Desktop/SelfDrivingCar__TERM2/Term2/P5;
				USE_HEADERMAP = NO;
				WARNING_CFLAGS = ("-Wmost", "-Wno-four-char-constants", "-Wno-unknown-pragmas", "$(inherited)", );
			};
			name = Debug;
		};
		6D04A83B9CDB46FEB50C0865 /* MinSizeRel */ = {
			isa = XCBuildConfiguration;
			buildSettings = {
				COMBINE_HIDPI_IMAGES = YES;
				EXECUTABLE_PREFIX = "";
				EXECUTABLE_SUFFIX = "";
				GCC_GENERATE_DEBUGGING_SYMBOLS = NO;
				GCC_INLINES_ARE_PRIVATE_EXTERN = NO;
				GCC_OPTIMIZATION_LEVEL = s;
				GCC_PREPROCESSOR_DEFINITIONS = ("'CMAKE_INTDIR=\"$(CONFIGURATION)$(EFFECTIVE_PLATFORM_NAME)\"'", );
				GCC_SYMBOLS_PRIVATE_EXTERN = NO;
				HEADER_SEARCH_PATHS = (/usr/local/include, "/Users/hang/Desktop/SelfDrivingCar__TERM2/Term2/P5/src/Eigen-3.3", /usr/local/opt/openssl/include, );
				INSTALL_PATH = "";
				LD_RUNPATH_SEARCH_PATHS = "/usr/local/lib /usr/local/opt/openssl/lib /usr/local/Cellar/libuv/1.11.0/lib";
				LIBRARY_SEARCH_PATHS = " /usr/local/lib/$(CONFIGURATION)$(EFFECTIVE_PLATFORM_NAME) /usr/local/lib /usr/local/opt/openssl/lib/$(CONFIGURATION)$(EFFECTIVE_PLATFORM_NAME) /usr/local/opt/openssl/lib /usr/local/Cellar/libuv/1.11.0/lib/$(CONFIGURATION)$(EFFECTIVE_PLATFORM_NAME) /usr/local/Cellar/libuv/1.11.0/lib";
				OTHER_CPLUSPLUSFLAGS = "-Wall     -DNDEBUG   -std=c++11 -O3";
				OTHER_LDFLAGS = " -Wl,-search_paths_first -Wl,-headerpad_max_install_names  -lipopt -lz -lssl -luv -luWS";
				OTHER_REZFLAGS = "";
				PRODUCT_NAME = mpc;
				SECTORDER_FLAGS = "";
				SYMROOT = /Users/hang/Desktop/SelfDrivingCar__TERM2/Term2/P5;
				USE_HEADERMAP = NO;
				WARNING_CFLAGS = ("-Wmost", "-Wno-four-char-constants", "-Wno-unknown-pragmas", "$(inherited)", );
			};
			name = MinSizeRel;
		};
		7EE1620DA4FE495F8FB34CD1 /* RelWithDebInfo */ = {
			isa = XCBuildConfiguration;
			buildSettings = {
				COMBINE_HIDPI_IMAGES = YES;
				GCC_GENERATE_DEBUGGING_SYMBOLS = YES;
				GCC_INLINES_ARE_PRIVATE_EXTERN = NO;
				GCC_OPTIMIZATION_LEVEL = 0;
				GCC_PREPROCESSOR_DEFINITIONS = ("'CMAKE_INTDIR=\"$(CONFIGURATION)$(EFFECTIVE_PLATFORM_NAME)\"'", );
				GCC_SYMBOLS_PRIVATE_EXTERN = NO;
				HEADER_SEARCH_PATHS = (/usr/local/include, "/Users/hang/Desktop/SelfDrivingCar__TERM2/Term2/P5/src/Eigen-3.3", /usr/local/opt/openssl/include, );
				INSTALL_PATH = "";
				OTHER_LDFLAGS = " ";
				OTHER_REZFLAGS = "";
				PRODUCT_NAME = ALL_BUILD;
				SECTORDER_FLAGS = "";
				SYMROOT = /Users/hang/Desktop/SelfDrivingCar__TERM2/Term2/P5;
				USE_HEADERMAP = NO;
				WARNING_CFLAGS = ("-Wmost", "-Wno-four-char-constants", "-Wno-unknown-pragmas", "$(inherited)", );
			};
			name = RelWithDebInfo;
		};
		8530AD8E97D34449A1AE2C6B /* Release */ = {
			isa = XCBuildConfiguration;
			buildSettings = {
				COMBINE_HIDPI_IMAGES = YES;
				EXECUTABLE_PREFIX = "";
				EXECUTABLE_SUFFIX = "";
				GCC_GENERATE_DEBUGGING_SYMBOLS = NO;
				GCC_INLINES_ARE_PRIVATE_EXTERN = NO;
				GCC_OPTIMIZATION_LEVEL = 3;
				GCC_PREPROCESSOR_DEFINITIONS = ("'CMAKE_INTDIR=\"$(CONFIGURATION)$(EFFECTIVE_PLATFORM_NAME)\"'", );
				GCC_SYMBOLS_PRIVATE_EXTERN = NO;
				HEADER_SEARCH_PATHS = (/usr/local/include, "/Users/hang/Desktop/SelfDrivingCar__TERM2/Term2/P5/src/Eigen-3.3", /usr/local/opt/openssl/include, );
				INSTALL_PATH = "";
				LD_RUNPATH_SEARCH_PATHS = "/usr/local/lib /usr/local/opt/openssl/lib /usr/local/Cellar/libuv/1.11.0/lib";
				LIBRARY_SEARCH_PATHS = " /usr/local/lib/$(CONFIGURATION)$(EFFECTIVE_PLATFORM_NAME) /usr/local/lib /usr/local/opt/openssl/lib/$(CONFIGURATION)$(EFFECTIVE_PLATFORM_NAME) /usr/local/opt/openssl/lib /usr/local/Cellar/libuv/1.11.0/lib/$(CONFIGURATION)$(EFFECTIVE_PLATFORM_NAME) /usr/local/Cellar/libuv/1.11.0/lib";
				OTHER_CPLUSPLUSFLAGS = "-Wall     -DNDEBUG   -std=c++11 -O3";
				OTHER_LDFLAGS = " -Wl,-search_paths_first -Wl,-headerpad_max_install_names  -lipopt -lz -lssl -luv -luWS";
				OTHER_REZFLAGS = "";
				PRODUCT_NAME = mpc;
				SECTORDER_FLAGS = "";
				SYMROOT = /Users/hang/Desktop/SelfDrivingCar__TERM2/Term2/P5;
				USE_HEADERMAP = NO;
				WARNING_CFLAGS = ("-Wmost", "-Wno-four-char-constants", "-Wno-unknown-pragmas", "$(inherited)", );
			};
			name = Release;
		};
		861C5FF069A84A578C90E3F5 /* RelWithDebInfo */ = {
			isa = XCBuildConfiguration;
			buildSettings = {
				COMBINE_HIDPI_IMAGES = YES;
				EXECUTABLE_PREFIX = "";
				EXECUTABLE_SUFFIX = "";
				GCC_GENERATE_DEBUGGING_SYMBOLS = YES;
				GCC_INLINES_ARE_PRIVATE_EXTERN = NO;
				GCC_OPTIMIZATION_LEVEL = 2;
				GCC_PREPROCESSOR_DEFINITIONS = ("'CMAKE_INTDIR=\"$(CONFIGURATION)$(EFFECTIVE_PLATFORM_NAME)\"'", );
				GCC_SYMBOLS_PRIVATE_EXTERN = NO;
				HEADER_SEARCH_PATHS = (/usr/local/include, "/Users/hang/Desktop/SelfDrivingCar__TERM2/Term2/P5/src/Eigen-3.3", /usr/local/opt/openssl/include, );
				INSTALL_PATH = "";
				LD_RUNPATH_SEARCH_PATHS = "/usr/local/lib /usr/local/opt/openssl/lib /usr/local/Cellar/libuv/1.11.0/lib";
				LIBRARY_SEARCH_PATHS = " /usr/local/lib/$(CONFIGURATION)$(EFFECTIVE_PLATFORM_NAME) /usr/local/lib /usr/local/opt/openssl/lib/$(CONFIGURATION)$(EFFECTIVE_PLATFORM_NAME) /usr/local/opt/openssl/lib /usr/local/Cellar/libuv/1.11.0/lib/$(CONFIGURATION)$(EFFECTIVE_PLATFORM_NAME) /usr/local/Cellar/libuv/1.11.0/lib";
				OTHER_CPLUSPLUSFLAGS = "-Wall        -DNDEBUG   -std=c++11 -O3";
				OTHER_LDFLAGS = " -Wl,-search_paths_first -Wl,-headerpad_max_install_names  -lipopt -lz -lssl -luv -luWS";
				OTHER_REZFLAGS = "";
				PRODUCT_NAME = mpc;
				SECTORDER_FLAGS = "";
				SYMROOT = /Users/hang/Desktop/SelfDrivingCar__TERM2/Term2/P5;
				USE_HEADERMAP = NO;
				WARNING_CFLAGS = ("-Wmost", "-Wno-four-char-constants", "-Wno-unknown-pragmas", "$(inherited)", );
			};
			name = RelWithDebInfo;
		};
		9842EB8178E143F1BF720DC6 /* Debug */ = {
			isa = XCBuildConfiguration;
			buildSettings = {
				COMBINE_HIDPI_IMAGES = YES;
				GCC_GENERATE_DEBUGGING_SYMBOLS = YES;
				GCC_INLINES_ARE_PRIVATE_EXTERN = NO;
				GCC_OPTIMIZATION_LEVEL = 0;
				GCC_PREPROCESSOR_DEFINITIONS = ("'CMAKE_INTDIR=\"$(CONFIGURATION)$(EFFECTIVE_PLATFORM_NAME)\"'", );
				GCC_SYMBOLS_PRIVATE_EXTERN = NO;
				HEADER_SEARCH_PATHS = (/usr/local/include, "/Users/hang/Desktop/SelfDrivingCar__TERM2/Term2/P5/src/Eigen-3.3", /usr/local/opt/openssl/include, );
				INSTALL_PATH = "";
				OTHER_LDFLAGS = " ";
				OTHER_REZFLAGS = "";
				PRODUCT_NAME = ALL_BUILD;
				SECTORDER_FLAGS = "";
				SYMROOT = /Users/hang/Desktop/SelfDrivingCar__TERM2/Term2/P5;
				USE_HEADERMAP = NO;
				WARNING_CFLAGS = ("-Wmost", "-Wno-four-char-constants", "-Wno-unknown-pragmas", "$(inherited)", );
			};
			name = Debug;
		};
		9924A23F2F83499091732CC8 /* RelWithDebInfo */ = {
			isa = XCBuildConfiguration;
			buildSettings = {
				COMBINE_HIDPI_IMAGES = YES;
				GCC_GENERATE_DEBUGGING_SYMBOLS = YES;
				GCC_INLINES_ARE_PRIVATE_EXTERN = NO;
				GCC_OPTIMIZATION_LEVEL = 0;
				GCC_PREPROCESSOR_DEFINITIONS = ("'CMAKE_INTDIR=\"$(CONFIGURATION)$(EFFECTIVE_PLATFORM_NAME)\"'", );
				GCC_SYMBOLS_PRIVATE_EXTERN = NO;
				HEADER_SEARCH_PATHS = (/usr/local/include, "/Users/hang/Desktop/SelfDrivingCar__TERM2/Term2/P5/src/Eigen-3.3", /usr/local/opt/openssl/include, );
				INSTALL_PATH = "";
				OTHER_LDFLAGS = " ";
				OTHER_REZFLAGS = "";
				PRODUCT_NAME = ZERO_CHECK;
				SECTORDER_FLAGS = "";
				SYMROOT = /Users/hang/Desktop/SelfDrivingCar__TERM2/Term2/P5;
				USE_HEADERMAP = NO;
				WARNING_CFLAGS = ("-Wmost", "-Wno-four-char-constants", "-Wno-unknown-pragmas", "$(inherited)", );
			};
			name = RelWithDebInfo;
		};
		9B19F05C237B4B2087880506 /* MinSizeRel */ = {
			isa = XCBuildConfiguration;
			buildSettings = {
				COMBINE_HIDPI_IMAGES = YES;
				GCC_GENERATE_DEBUGGING_SYMBOLS = YES;
				GCC_INLINES_ARE_PRIVATE_EXTERN = NO;
				GCC_OPTIMIZATION_LEVEL = 0;
				GCC_PREPROCESSOR_DEFINITIONS = ("'CMAKE_INTDIR=\"$(CONFIGURATION)$(EFFECTIVE_PLATFORM_NAME)\"'", );
				GCC_SYMBOLS_PRIVATE_EXTERN = NO;
				HEADER_SEARCH_PATHS = (/usr/local/include, "/Users/hang/Desktop/SelfDrivingCar__TERM2/Term2/P5/src/Eigen-3.3", /usr/local/opt/openssl/include, );
				INSTALL_PATH = "";
				OTHER_LDFLAGS = " ";
				OTHER_REZFLAGS = "";
				PRODUCT_NAME = ZERO_CHECK;
				SECTORDER_FLAGS = "";
				SYMROOT = /Users/hang/Desktop/SelfDrivingCar__TERM2/Term2/P5;
				USE_HEADERMAP = NO;
				WARNING_CFLAGS = ("-Wmost", "-Wno-four-char-constants", "-Wno-unknown-pragmas", "$(inherited)", );
			};
			name = MinSizeRel;
		};
		B72A00A6541F4EA4B7E4FF44 /* RelWithDebInfo */ = {
			isa = XCBuildConfiguration;
			buildSettings = {
				ONLY_ACTIVE_ARCH = YES;
				SDKROOT = /Applications/Xcode.app/Contents/Developer/Platforms/MacOSX.platform/Developer/SDKs/MacOSX10.12.sdk;
				SYMROOT = /Users/hang/Desktop/SelfDrivingCar__TERM2/Term2/P5/build;
			};
			name = RelWithDebInfo;
		};
		B7D0DD8B74D74FE2AEABD0F7 /* MinSizeRel */ = {
			isa = XCBuildConfiguration;
			buildSettings = {
				ONLY_ACTIVE_ARCH = YES;
				SDKROOT = /Applications/Xcode.app/Contents/Developer/Platforms/MacOSX.platform/Developer/SDKs/MacOSX10.12.sdk;
				SYMROOT = /Users/hang/Desktop/SelfDrivingCar__TERM2/Term2/P5/build;
			};
			name = MinSizeRel;
		};
		BB7CD081801A4678B35A8CC2 /* Debug */ = {
			isa = XCBuildConfiguration;
			buildSettings = {
				ONLY_ACTIVE_ARCH = YES;
				SDKROOT = /Applications/Xcode.app/Contents/Developer/Platforms/MacOSX.platform/Developer/SDKs/MacOSX10.12.sdk;
				SYMROOT = /Users/hang/Desktop/SelfDrivingCar__TERM2/Term2/P5/build;
			};
			name = Debug;
		};
		DD92B8518C9D4FF1AB31184F /* MinSizeRel */ = {
			isa = XCBuildConfiguration;
			buildSettings = {
				COMBINE_HIDPI_IMAGES = YES;
				GCC_GENERATE_DEBUGGING_SYMBOLS = YES;
				GCC_INLINES_ARE_PRIVATE_EXTERN = NO;
				GCC_OPTIMIZATION_LEVEL = 0;
				GCC_PREPROCESSOR_DEFINITIONS = ("'CMAKE_INTDIR=\"$(CONFIGURATION)$(EFFECTIVE_PLATFORM_NAME)\"'", );
				GCC_SYMBOLS_PRIVATE_EXTERN = NO;
				HEADER_SEARCH_PATHS = (/usr/local/include, "/Users/hang/Desktop/SelfDrivingCar__TERM2/Term2/P5/src/Eigen-3.3", /usr/local/opt/openssl/include, );
				INSTALL_PATH = "";
				OTHER_LDFLAGS = " ";
				OTHER_REZFLAGS = "";
				PRODUCT_NAME = ALL_BUILD;
				SECTORDER_FLAGS = "";
				SYMROOT = /Users/hang/Desktop/SelfDrivingCar__TERM2/Term2/P5;
				USE_HEADERMAP = NO;
				WARNING_CFLAGS = ("-Wmost", "-Wno-four-char-constants", "-Wno-unknown-pragmas", "$(inherited)", );
			};
			name = MinSizeRel;
		};
		FA43C1C86CA9470D94229931 /* Debug */ = {
			isa = XCBuildConfiguration;
			buildSettings = {
				COMBINE_HIDPI_IMAGES = YES;
				EXECUTABLE_PREFIX = "";
				EXECUTABLE_SUFFIX = "";
				GCC_GENERATE_DEBUGGING_SYMBOLS = YES;
				GCC_INLINES_ARE_PRIVATE_EXTERN = NO;
				GCC_OPTIMIZATION_LEVEL = 0;
				GCC_PREPROCESSOR_DEFINITIONS = ("'CMAKE_INTDIR=\"$(CONFIGURATION)$(EFFECTIVE_PLATFORM_NAME)\"'", );
				GCC_SYMBOLS_PRIVATE_EXTERN = NO;
				HEADER_SEARCH_PATHS = (/usr/local/include, "/Users/hang/Desktop/SelfDrivingCar__TERM2/Term2/P5/src/Eigen-3.3", /usr/local/opt/openssl/include, );
				INSTALL_PATH = "";
				LD_RUNPATH_SEARCH_PATHS = "/usr/local/lib /usr/local/opt/openssl/lib /usr/local/Cellar/libuv/1.11.0/lib";
				LIBRARY_SEARCH_PATHS = " /usr/local/lib/$(CONFIGURATION)$(EFFECTIVE_PLATFORM_NAME) /usr/local/lib /usr/local/opt/openssl/lib/$(CONFIGURATION)$(EFFECTIVE_PLATFORM_NAME) /usr/local/opt/openssl/lib /usr/local/Cellar/libuv/1.11.0/lib/$(CONFIGURATION)$(EFFECTIVE_PLATFORM_NAME) /usr/local/Cellar/libuv/1.11.0/lib";
				OTHER_CPLUSPLUSFLAGS = "-Wall      -std=c++11 -O3";
				OTHER_LDFLAGS = " -Wl,-search_paths_first -Wl,-headerpad_max_install_names  -lipopt -lz -lssl -luv -luWS";
				OTHER_REZFLAGS = "";
				PRODUCT_NAME = mpc;
				SECTORDER_FLAGS = "";
				SYMROOT = /Users/hang/Desktop/SelfDrivingCar__TERM2/Term2/P5;
				USE_HEADERMAP = NO;
				WARNING_CFLAGS = ("-Wmost", "-Wno-four-char-constants", "-Wno-unknown-pragmas", "$(inherited)", );
			};
			name = Debug;
		};
/* End XCBuildConfiguration section */

/* Begin XCConfigurationList section */
		3819B961B31843F39C29E067 /* Build configuration list for PBXAggregateTarget "ZERO_CHECK" */ = {
			isa = XCConfigurationList;
			buildConfigurations = (
				39C632BAF60944D3B4E143FA /* Debug */,
				184D3BAE90214D55B40C7D1A /* Release */,
				9B19F05C237B4B2087880506 /* MinSizeRel */,
				9924A23F2F83499091732CC8 /* RelWithDebInfo */,
			);
			defaultConfigurationIsVisible = 0;
			defaultConfigurationName = Debug;
		};
		60AF14E665F84CA88174E427 /* Build configuration list for PBXAggregateTarget "ALL_BUILD" */ = {
			isa = XCConfigurationList;
			buildConfigurations = (
				9842EB8178E143F1BF720DC6 /* Debug */,
				294CC28BC6B64CDAA4179BD3 /* Release */,
				DD92B8518C9D4FF1AB31184F /* MinSizeRel */,
				7EE1620DA4FE495F8FB34CD1 /* RelWithDebInfo */,
			);
			defaultConfigurationIsVisible = 0;
			defaultConfigurationName = Debug;
		};
		6C8A5B05AE784D2CA4803A99 /* Build configuration list for PBXProject "MPC" */ = {
			isa = XCConfigurationList;
			buildConfigurations = (
				BB7CD081801A4678B35A8CC2 /* Debug */,
				3280997AB5004CB795956192 /* Release */,
				B7D0DD8B74D74FE2AEABD0F7 /* MinSizeRel */,
				B72A00A6541F4EA4B7E4FF44 /* RelWithDebInfo */,
			);
			defaultConfigurationIsVisible = 0;
			defaultConfigurationName = Debug;
		};
		C4146C0338AA4B59834217D3 /* Build configuration list for PBXNativeTarget "mpc" */ = {
			isa = XCConfigurationList;
			buildConfigurations = (
				FA43C1C86CA9470D94229931 /* Debug */,
				8530AD8E97D34449A1AE2C6B /* Release */,
				6D04A83B9CDB46FEB50C0865 /* MinSizeRel */,
				861C5FF069A84A578C90E3F5 /* RelWithDebInfo */,
			);
			defaultConfigurationIsVisible = 0;
			defaultConfigurationName = Debug;
		};
/* End XCConfigurationList section */
	};
	rootObject = 91A933405E0F47C0A759E0C2 /* Project object */;
}
